
Microsoft Visual Studio Solution File, Format Version 12.00
# Visual Studio Version 16
VisualStudioVersion = 16.0.29503.13
MinimumVisualStudioVersion = 10.0.40219.1
Project("{FAE04EC0-301F-11D3-BF4B-00C04F79EFBC}") = "DemoApp.UWP", "DemoApp\DemoApp.UWP\DemoApp.UWP.csproj", "{F6C748B3-4018-43AE-A777-35E2C8176EF3}"
EndProject
Project("{FAE04EC0-301F-11D3-BF4B-00C04F79EFBC}") = "DemoApp.Android", "DemoApp\DemoApp.Android\DemoApp.Android.csproj", "{4ADFD048-95DF-4534-B07F-53E9D021B7E0}"
EndProject
Project("{FAE04EC0-301F-11D3-BF4B-00C04F79EFBC}") = "DemoApp.iOS", "DemoApp\DemoApp.iOS\DemoApp.iOS.csproj", "{65C125DD-F16A-408B-AA53-FEACF4AC203C}"
EndProject
Project("{FAE04EC0-301F-11D3-BF4B-00C04F79EFBC}") = "DemoApp", "DemoApp\DemoApp\DemoApp.csproj", "{E332952B-071B-4748-86D9-CEA441A7116E}"
EndProject
Global
	GlobalSection(SolutionConfigurationPlatforms) = preSolution
		Debug|Any CPU = Debug|Any CPU
		Debug|ARM = Debug|ARM
		Debug|iPhone = Debug|iPhone
		Debug|iPhoneSimulator = Debug|iPhoneSimulator
		Debug|x64 = Debug|x64
		Debug|x86 = Debug|x86
		Release|Any CPU = Release|Any CPU
		Release|ARM = Release|ARM
		Release|iPhone = Release|iPhone
		Release|iPhoneSimulator = Release|iPhoneSimulator
		Release|x64 = Release|x64
		Release|x86 = Release|x86
	EndGlobalSection
	GlobalSection(ProjectConfigurationPlatforms) = postSolution
		{F6C748B3-4018-43AE-A777-35E2C8176EF3}.Debug|Any CPU.ActiveCfg = Debug|x86
		{F6C748B3-4018-43AE-A777-35E2C8176EF3}.Debug|Any CPU.Build.0 = Debug|x86
		{F6C748B3-4018-43AE-A777-35E2C8176EF3}.Debug|Any CPU.Deploy.0 = Debug|x86
		{F6C748B3-4018-43AE-A777-35E2C8176EF3}.Debug|ARM.ActiveCfg = Debug|ARM
		{F6C748B3-4018-43AE-A777-35E2C8176EF3}.Debug|ARM.Build.0 = Debug|ARM
		{F6C748B3-4018-43AE-A777-35E2C8176EF3}.Debug|ARM.Deploy.0 = Debug|ARM
		{F6C748B3-4018-43AE-A777-35E2C8176EF3}.Debug|iPhone.ActiveCfg = Debug|x86
		{F6C748B3-4018-43AE-A777-35E2C8176EF3}.Debug|iPhone.Build.0 = Debug|x86
		{F6C748B3-4018-43AE-A777-35E2C8176EF3}.Debug|iPhone.Deploy.0 = Debug|x86
		{F6C748B3-4018-43AE-A777-35E2C8176EF3}.Debug|iPhoneSimulator.ActiveCfg = Debug|x86
		{F6C748B3-4018-43AE-A777-35E2C8176EF3}.Debug|iPhoneSimulator.Build.0 = Debug|x86
		{F6C748B3-4018-43AE-A777-35E2C8176EF3}.Debug|iPhoneSimulator.Deploy.0 = Debug|x86
		{F6C748B3-4018-43AE-A777-35E2C8176EF3}.Debug|x64.ActiveCfg = Debug|x64
		{F6C748B3-4018-43AE-A777-35E2C8176EF3}.Debug|x64.Build.0 = Debug|x64
		{F6C748B3-4018-43AE-A777-35E2C8176EF3}.Debug|x64.Deploy.0 = Debug|x64
		{F6C748B3-4018-43AE-A777-35E2C8176EF3}.Debug|x86.ActiveCfg = Debug|x86
		{F6C748B3-4018-43AE-A777-35E2C8176EF3}.Debug|x86.Build.0 = Debug|x86
		{F6C748B3-4018-43AE-A777-35E2C8176EF3}.Debug|x86.Deploy.0 = Debug|x86
		{F6C748B3-4018-43AE-A777-35E2C8176EF3}.Release|Any CPU.ActiveCfg = Release|x86
		{F6C748B3-4018-43AE-A777-35E2C8176EF3}.Release|Any CPU.Build.0 = Release|x86
		{F6C748B3-4018-43AE-A777-35E2C8176EF3}.Release|Any CPU.Deploy.0 = Release|x86
		{F6C748B3-4018-43AE-A777-35E2C8176EF3}.Release|ARM.ActiveCfg = Release|ARM
		{F6C748B3-4018-43AE-A777-35E2C8176EF3}.Release|ARM.Build.0 = Release|ARM
		{F6C748B3-4018-43AE-A777-35E2C8176EF3}.Release|ARM.Deploy.0 = Release|ARM
		{F6C748B3-4018-43AE-A777-35E2C8176EF3}.Release|iPhone.ActiveCfg = Release|x86
		{F6C748B3-4018-43AE-A777-35E2C8176EF3}.Release|iPhone.Build.0 = Release|x86
		{F6C748B3-4018-43AE-A777-35E2C8176EF3}.Release|iPhone.Deploy.0 = Release|x86
		{F6C748B3-4018-43AE-A777-35E2C8176EF3}.Release|iPhoneSimulator.ActiveCfg = Release|x86
		{F6C748B3-4018-43AE-A777-35E2C8176EF3}.Release|iPhoneSimulator.Build.0 = Release|x86
		{F6C748B3-4018-43AE-A777-35E2C8176EF3}.Release|iPhoneSimulator.Deploy.0 = Release|x86
		{F6C748B3-4018-43AE-A777-35E2C8176EF3}.Release|x64.ActiveCfg = Release|x64
		{F6C748B3-4018-43AE-A777-35E2C8176EF3}.Release|x64.Build.0 = Release|x64
		{F6C748B3-4018-43AE-A777-35E2C8176EF3}.Release|x64.Deploy.0 = Release|x64
		{F6C748B3-4018-43AE-A777-35E2C8176EF3}.Release|x86.ActiveCfg = Release|x86
		{F6C748B3-4018-43AE-A777-35E2C8176EF3}.Release|x86.Build.0 = Release|x86
		{F6C748B3-4018-43AE-A777-35E2C8176EF3}.Release|x86.Deploy.0 = Release|x86
		{4ADFD048-95DF-4534-B07F-53E9D021B7E0}.Debug|Any CPU.ActiveCfg = Debug|Any CPU
		{4ADFD048-95DF-4534-B07F-53E9D021B7E0}.Debug|Any CPU.Build.0 = Debug|Any CPU
		{4ADFD048-95DF-4534-B07F-53E9D021B7E0}.Debug|Any CPU.Deploy.0 = Debug|Any CPU
		{4ADFD048-95DF-4534-B07F-53E9D021B7E0}.Debug|ARM.ActiveCfg = Debug|Any CPU
		{4ADFD048-95DF-4534-B07F-53E9D021B7E0}.Debug|ARM.Build.0 = Debug|Any CPU
		{4ADFD048-95DF-4534-B07F-53E9D021B7E0}.Debug|ARM.Deploy.0 = Debug|Any CPU
		{4ADFD048-95DF-4534-B07F-53E9D021B7E0}.Debug|iPhone.ActiveCfg = Debug|Any CPU
		{4ADFD048-95DF-4534-B07F-53E9D021B7E0}.Debug|iPhone.Build.0 = Debug|Any CPU
		{4ADFD048-95DF-4534-B07F-53E9D021B7E0}.Debug|iPhone.Deploy.0 = Debug|Any CPU
		{4ADFD048-95DF-4534-B07F-53E9D021B7E0}.Debug|iPhoneSimulator.ActiveCfg = Debug|Any CPU
		{4ADFD048-95DF-4534-B07F-53E9D021B7E0}.Debug|iPhoneSimulator.Build.0 = Debug|Any CPU
		{4ADFD048-95DF-4534-B07F-53E9D021B7E0}.Debug|iPhoneSimulator.Deploy.0 = Debug|Any CPU
		{4ADFD048-95DF-4534-B07F-53E9D021B7E0}.Debug|x64.ActiveCfg = Debug|Any CPU
		{4ADFD048-95DF-4534-B07F-53E9D021B7E0}.Debug|x64.Build.0 = Debug|Any CPU
		{4ADFD048-95DF-4534-B07F-53E9D021B7E0}.Debug|x64.Deploy.0 = Debug|Any CPU
		{4ADFD048-95DF-4534-B07F-53E9D021B7E0}.Debug|x86.ActiveCfg = Debug|Any CPU
		{4ADFD048-95DF-4534-B07F-53E9D021B7E0}.Debug|x86.Build.0 = Debug|Any CPU
		{4ADFD048-95DF-4534-B07F-53E9D021B7E0}.Debug|x86.Deploy.0 = Debug|Any CPU
		{4ADFD048-95DF-4534-B07F-53E9D021B7E0}.Release|Any CPU.ActiveCfg = Release|Any CPU
		{4ADFD048-95DF-4534-B07F-53E9D021B7E0}.Release|Any CPU.Build.0 = Release|Any CPU
		{4ADFD048-95DF-4534-B07F-53E9D021B7E0}.Release|Any CPU.Deploy.0 = Release|Any CPU
		{4ADFD048-95DF-4534-B07F-53E9D021B7E0}.Release|ARM.ActiveCfg = Release|Any CPU
		{4ADFD048-95DF-4534-B07F-53E9D021B7E0}.Release|ARM.Build.0 = Release|Any CPU
		{4ADFD048-95DF-4534-B07F-53E9D021B7E0}.Release|ARM.Deploy.0 = Release|Any CPU
		{4ADFD048-95DF-4534-B07F-53E9D021B7E0}.Release|iPhone.ActiveCfg = Release|Any CPU
		{4ADFD048-95DF-4534-B07F-53E9D021B7E0}.Release|iPhone.Build.0 = Release|Any CPU
		{4ADFD048-95DF-4534-B07F-53E9D021B7E0}.Release|iPhone.Deploy.0 = Release|Any CPU
		{4ADFD048-95DF-4534-B07F-53E9D021B7E0}.Release|iPhoneSimulator.ActiveCfg = Release|Any CPU
		{4ADFD048-95DF-4534-B07F-53E9D021B7E0}.Release|iPhoneSimulator.Build.0 = Release|Any CPU
		{4ADFD048-95DF-4534-B07F-53E9D021B7E0}.Release|iPhoneSimulator.Deploy.0 = Release|Any CPU
		{4ADFD048-95DF-4534-B07F-53E9D021B7E0}.Release|x64.ActiveCfg = Release|Any CPU
		{4ADFD048-95DF-4534-B07F-53E9D021B7E0}.Release|x64.Build.0 = Release|Any CPU
		{4ADFD048-95DF-4534-B07F-53E9D021B7E0}.Release|x64.Deploy.0 = Release|Any CPU
		{4ADFD048-95DF-4534-B07F-53E9D021B7E0}.Release|x86.ActiveCfg = Release|Any CPU
		{4ADFD048-95DF-4534-B07F-53E9D021B7E0}.Release|x86.Build.0 = Release|Any CPU
		{4ADFD048-95DF-4534-B07F-53E9D021B7E0}.Release|x86.Deploy.0 = Release|Any CPU
		{65C125DD-F16A-408B-AA53-FEACF4AC203C}.Debug|Any CPU.ActiveCfg = Debug|iPhone
		{65C125DD-F16A-408B-AA53-FEACF4AC203C}.Debug|Any CPU.Build.0 = Debug|iPhone
		{65C125DD-F16A-408B-AA53-FEACF4AC203C}.Debug|Any CPU.Deploy.0 = Debug|iPhone
		{65C125DD-F16A-408B-AA53-FEACF4AC203C}.Debug|ARM.ActiveCfg = Debug|iPhoneSimulator
		{65C125DD-F16A-408B-AA53-FEACF4AC203C}.Debug|ARM.Build.0 = Debug|iPhoneSimulator
		{65C125DD-F16A-408B-AA53-FEACF4AC203C}.Debug|ARM.Deploy.0 = Debug|iPhoneSimulator
		{65C125DD-F16A-408B-AA53-FEACF4AC203C}.Debug|iPhone.ActiveCfg = Debug|iPhone
		{65C125DD-F16A-408B-AA53-FEACF4AC203C}.Debug|iPhone.Build.0 = Debug|iPhone
		{65C125DD-F16A-408B-AA53-FEACF4AC203C}.Debug|iPhone.Deploy.0 = Debug|iPhone
		{65C125DD-F16A-408B-AA53-FEACF4AC203C}.Debug|iPhoneSimulator.ActiveCfg = Debug|iPhoneSimulator
		{65C125DD-F16A-408B-AA53-FEACF4AC203C}.Debug|iPhoneSimulator.Build.0 = Debug|iPhoneSimulator
		{65C125DD-F16A-408B-AA53-FEACF4AC203C}.Debug|iPhoneSimulator.Deploy.0 = Debug|iPhoneSimulator
		{65C125DD-F16A-408B-AA53-FEACF4AC203C}.Debug|x64.ActiveCfg = Debug|iPhone
		{65C125DD-F16A-408B-AA53-FEACF4AC203C}.Debug|x64.Build.0 = Debug|iPhone
		{65C125DD-F16A-408B-AA53-FEACF4AC203C}.Debug|x64.Deploy.0 = Debug|iPhone
		{65C125DD-F16A-408B-AA53-FEACF4AC203C}.Debug|x86.ActiveCfg = Debug|iPhone
		{65C125DD-F16A-408B-AA53-FEACF4AC203C}.Debug|x86.Build.0 = Debug|iPhone
		{65C125DD-F16A-408B-AA53-FEACF4AC203C}.Debug|x86.Deploy.0 = Debug|iPhone
		{65C125DD-F16A-408B-AA53-FEACF4AC203C}.Release|Any CPU.ActiveCfg = Release|iPhone
		{65C125DD-F16A-408B-AA53-FEACF4AC203C}.Release|Any CPU.Build.0 = Release|iPhone
		{65C125DD-F16A-408B-AA53-FEACF4AC203C}.Release|Any CPU.Deploy.0 = Release|iPhone
		{65C125DD-F16A-408B-AA53-FEACF4AC203C}.Release|ARM.ActiveCfg = Release|iPhone
		{65C125DD-F16A-408B-AA53-FEACF4AC203C}.Release|ARM.Build.0 = Release|iPhone
		{65C125DD-F16A-408B-AA53-FEACF4AC203C}.Release|ARM.Deploy.0 = Release|iPhone
		{65C125DD-F16A-408B-AA53-FEACF4AC203C}.Release|iPhone.ActiveCfg = Release|iPhone
		{65C125DD-F16A-408B-AA53-FEACF4AC203C}.Release|iPhone.Build.0 = Release|iPhone
		{65C125DD-F16A-408B-AA53-FEACF4AC203C}.Release|iPhone.Deploy.0 = Release|iPhone
		{65C125DD-F16A-408B-AA53-FEACF4AC203C}.Release|iPhoneSimulator.ActiveCfg = Release|iPhoneSimulator
		{65C125DD-F16A-408B-AA53-FEACF4AC203C}.Release|iPhoneSimulator.Build.0 = Release|iPhoneSimulator
		{65C125DD-F16A-408B-AA53-FEACF4AC203C}.Release|iPhoneSimulator.Deploy.0 = Release|iPhoneSimulator
		{65C125DD-F16A-408B-AA53-FEACF4AC203C}.Release|x64.ActiveCfg = Release|iPhone
		{65C125DD-F16A-408B-AA53-FEACF4AC203C}.Release|x64.Build.0 = Release|iPhone
		{65C125DD-F16A-408B-AA53-FEACF4AC203C}.Release|x64.Deploy.0 = Release|iPhone
		{65C125DD-F16A-408B-AA53-FEACF4AC203C}.Release|x86.ActiveCfg = Release|iPhone
		{65C125DD-F16A-408B-AA53-FEACF4AC203C}.Release|x86.Build.0 = Release|iPhone
		{65C125DD-F16A-408B-AA53-FEACF4AC203C}.Release|x86.Deploy.0 = Release|iPhone
		{E332952B-071B-4748-86D9-CEA441A7116E}.Debug|Any CPU.ActiveCfg = Debug|Any CPU
		{E332952B-071B-4748-86D9-CEA441A7116E}.Debug|Any CPU.Build.0 = Debug|Any CPU
		{E332952B-071B-4748-86D9-CEA441A7116E}.Debug|Any CPU.Deploy.0 = Debug|Any CPU
		{E332952B-071B-4748-86D9-CEA441A7116E}.Debug|ARM.ActiveCfg = Debug|Any CPU
		{E332952B-071B-4748-86D9-CEA441A7116E}.Debug|ARM.Build.0 = Debug|Any CPU
		{E332952B-071B-4748-86D9-CEA441A7116E}.Debug|ARM.Deploy.0 = Debug|Any CPU
		{E332952B-071B-4748-86D9-CEA441A7116E}.Debug|iPhone.ActiveCfg = Debug|Any CPU
		{E332952B-071B-4748-86D9-CEA441A7116E}.Debug|iPhone.Build.0 = Debug|Any CPU
		{E332952B-071B-4748-86D9-CEA441A7116E}.Debug|iPhone.Deploy.0 = Debug|Any CPU
		{E332952B-071B-4748-86D9-CEA441A7116E}.Debug|iPhoneSimulator.ActiveCfg = Debug|Any CPU
		{E332952B-071B-4748-86D9-CEA441A7116E}.Debug|iPhoneSimulator.Build.0 = Debug|Any CPU
		{E332952B-071B-4748-86D9-CEA441A7116E}.Debug|iPhoneSimulator.Deploy.0 = Debug|Any CPU
		{E332952B-071B-4748-86D9-CEA441A7116E}.Debug|x64.ActiveCfg = Debug|Any CPU
		{E332952B-071B-4748-86D9-CEA441A7116E}.Debug|x64.Build.0 = Debug|Any CPU
		{E332952B-071B-4748-86D9-CEA441A7116E}.Debug|x64.Deploy.0 = Debug|Any CPU
		{E332952B-071B-4748-86D9-CEA441A7116E}.Debug|x86.ActiveCfg = Debug|Any CPU
		{E332952B-071B-4748-86D9-CEA441A7116E}.Debug|x86.Build.0 = Debug|Any CPU
		{E332952B-071B-4748-86D9-CEA441A7116E}.Debug|x86.Deploy.0 = Debug|Any CPU
		{E332952B-071B-4748-86D9-CEA441A7116E}.Release|Any CPU.ActiveCfg = Release|Any CPU
		{E332952B-071B-4748-86D9-CEA441A7116E}.Release|Any CPU.Build.0 = Release|Any CPU
		{E332952B-071B-4748-86D9-CEA441A7116E}.Release|Any CPU.Deploy.0 = Release|Any CPU
		{E332952B-071B-4748-86D9-CEA441A7116E}.Release|ARM.ActiveCfg = Release|Any CPU
		{E332952B-071B-4748-86D9-CEA441A7116E}.Release|ARM.Build.0 = Release|Any CPU
		{E332952B-071B-4748-86D9-CEA441A7116E}.Release|ARM.Deploy.0 = Release|Any CPU
		{E332952B-071B-4748-86D9-CEA441A7116E}.Release|iPhone.ActiveCfg = Release|Any CPU
		{E332952B-071B-4748-86D9-CEA441A7116E}.Release|iPhone.Build.0 = Release|Any CPU
		{E332952B-071B-4748-86D9-CEA441A7116E}.Release|iPhone.Deploy.0 = Release|Any CPU
		{E332952B-071B-4748-86D9-CEA441A7116E}.Release|iPhoneSimulator.ActiveCfg = Release|Any CPU
		{E332952B-071B-4748-86D9-CEA441A7116E}.Release|iPhoneSimulator.Build.0 = Release|Any CPU
		{E332952B-071B-4748-86D9-CEA441A7116E}.Release|iPhoneSimulator.Deploy.0 = Release|Any CPU
		{E332952B-071B-4748-86D9-CEA441A7116E}.Release|x64.ActiveCfg = Release|Any CPU
		{E332952B-071B-4748-86D9-CEA441A7116E}.Release|x64.Build.0 = Release|Any CPU
		{E332952B-071B-4748-86D9-CEA441A7116E}.Release|x64.Deploy.0 = Release|Any CPU
		{E332952B-071B-4748-86D9-CEA441A7116E}.Release|x86.ActiveCfg = Release|Any CPU
		{E332952B-071B-4748-86D9-CEA441A7116E}.Release|x86.Build.0 = Release|Any CPU
		{E332952B-071B-4748-86D9-CEA441A7116E}.Release|x86.Deploy.0 = Release|Any CPU
	EndGlobalSection
	GlobalSection(SolutionProperties) = preSolution
		HideSolutionNode = FALSE
	EndGlobalSection
	GlobalSection(ExtensibilityGlobals) = postSolution
		SolutionGuid = {82BCC841-753D-4B64-9BDC-588F57665123}
	EndGlobalSection
EndGlobal
